
Microsoft Visual Studio Solution File, Format Version 12.00
# Visual Studio Version 16
VisualStudioVersion = 16.0.32602.291
MinimumVisualStudioVersion = 10.0.40219.1
Project("{FAE04EC0-301F-11D3-BF4B-00C04F79EFBC}") = "WinS_ABIS_APi", "WinS_ABIS_APi\WinS_ABIS_APi.csproj", "{C4EBCFC8-DB85-4C49-BB7E-D46DA01B7DED}"
EndProject
Project("{54435603-DBB4-11D2-8724-00A0C9A8B90C}") = "IRISCameraWinSetup", "IRISCameraWinSetup\IRISCameraWinSetup.vdproj", "{F2A3E11B-7D91-4753-82E1-EE0659FE6B38}"
EndProject
Global
	GlobalSection(SolutionConfigurationPlatforms) = preSolution
		Debug|Any CPU = Debug|Any CPU
		Release|Any CPU = Release|Any CPU
	EndGlobalSection
	GlobalSection(ProjectConfigurationPlatforms) = postSolution
		{C4EBCFC8-DB85-4C49-BB7E-D46DA01B7DED}.Debug|Any CPU.ActiveCfg = Debug|Any CPU
		{C4EBCFC8-DB85-4C49-BB7E-D46DA01B7DED}.Debug|Any CPU.Build.0 = Debug|Any CPU
		{C4EBCFC8-DB85-4C49-BB7E-D46DA01B7DED}.Release|Any CPU.ActiveCfg = Release|Any CPU
		{C4EBCFC8-DB85-4C49-BB7E-D46DA01B7DED}.Release|Any CPU.Build.0 = Release|Any CPU
		{F2A3E11B-7D91-4753-82E1-EE0659FE6B38}.Debug|Any CPU.ActiveCfg = Debug
		{F2A3E11B-7D91-4753-82E1-EE0659FE6B38}.Release|Any CPU.ActiveCfg = Release
	EndGlobalSection
	GlobalSection(SolutionProperties) = preSolution
		HideSolutionNode = FALSE
	EndGlobalSection
	GlobalSection(ExtensibilityGlobals) = postSolution
		SolutionGuid = {CCB66790-6538-40F8-A638-8E8E1110C081}
	EndGlobalSection
EndGlobal
